
Microsoft Visual Studio Solution File, Format Version 12.00
# Visual Studio Version 16
VisualStudioVersion = 16.0.31112.23
MinimumVisualStudioVersion = 10.0.40219.1
Project("{FAE04EC0-301F-11D3-BF4B-00C04F79EFBC}") = "Elephants", "Elephants\Elephants.csproj", "{2D9D576E-7A89-46E8-A7A0-BBF0D534FF78}"
EndProject
Global
	GlobalSection(SolutionConfigurationPlatforms) = preSolution
		Debug|Any CPU = Debug|Any CPU
		Release|Any CPU = Release|Any CPU
	EndGlobalSection
	GlobalSection(ProjectConfigurationPlatforms) = postSolution
		{2D9D576E-7A89-46E8-A7A0-BBF0D534FF78}.Debug|Any CPU.ActiveCfg = Debug|Any CPU
		{2D9D576E-7A89-46E8-A7A0-BBF0D534FF78}.Debug|Any CPU.Build.0 = Debug|Any CPU
		{2D9D576E-7A89-46E8-A7A0-BBF0D534FF78}.Release|Any CPU.ActiveCfg = Release|Any CPU
		{2D9D576E-7A89-46E8-A7A0-BBF0D534FF78}.Release|Any CPU.Build.0 = Release|Any CPU
	EndGlobalSection
	GlobalSection(SolutionProperties) = preSolution
		HideSolutionNode = FALSE
	EndGlobalSection
	GlobalSection(ExtensibilityGlobals) = postSolution
		SolutionGuid = {A4886263-BEBD-4552-8E94-0F50F277B5BB}
	EndGlobalSection
EndGlobal
